
Microsoft Visual Studio Solution File, Format Version 12.00
# Visual Studio 15
VisualStudioVersion = 15.0.28307.902
MinimumVisualStudioVersion = 10.0.40219.1
Project("{FAE04EC0-301F-11D3-BF4B-00C04F79EFBC}") = "PetsOOP", "PetsOOP\PetsOOP.csproj", "{C9508C12-F11F-4E75-8BBC-1FAC4AA5E99B}"
EndProject
Global
	GlobalSection(SolutionConfigurationPlatforms) = preSolution
		Debug|Any CPU = Debug|Any CPU
		Release|Any CPU = Release|Any CPU
	EndGlobalSection
	GlobalSection(ProjectConfigurationPlatforms) = postSolution
		{C9508C12-F11F-4E75-8BBC-1FAC4AA5E99B}.Debug|Any CPU.ActiveCfg = Debug|Any CPU
		{C9508C12-F11F-4E75-8BBC-1FAC4AA5E99B}.Debug|Any CPU.Build.0 = Debug|Any CPU
		{C9508C12-F11F-4E75-8BBC-1FAC4AA5E99B}.Release|Any CPU.ActiveCfg = Release|Any CPU
		{C9508C12-F11F-4E75-8BBC-1FAC4AA5E99B}.Release|Any CPU.Build.0 = Release|Any CPU
	EndGlobalSection
	GlobalSection(SolutionProperties) = preSolution
		HideSolutionNode = FALSE
	EndGlobalSection
	GlobalSection(ExtensibilityGlobals) = postSolution
		SolutionGuid = {E922CAB7-0201-48AA-8E34-28D6EEB69476}
	EndGlobalSection
EndGlobal
