
Microsoft Visual Studio Solution File, Format Version 12.00
# Visual Studio Version 16
VisualStudioVersion = 16.0.29306.81
MinimumVisualStudioVersion = 10.0.40219.1
Project("{FAE04EC0-301F-11D3-BF4B-00C04F79EFBC}") = "Topic_6(Generic_UniqueCollection)", "Topic_6(Generic_UniqueCollection)\Topic_6(Generic_UniqueCollection).csproj", "{AF1A7802-58A2-4B70-9195-DCE9B917B05B}"
EndProject
Global
	GlobalSection(SolutionConfigurationPlatforms) = preSolution
		Debug|Any CPU = Debug|Any CPU
		Release|Any CPU = Release|Any CPU
	EndGlobalSection
	GlobalSection(ProjectConfigurationPlatforms) = postSolution
		{AF1A7802-58A2-4B70-9195-DCE9B917B05B}.Debug|Any CPU.ActiveCfg = Debug|Any CPU
		{AF1A7802-58A2-4B70-9195-DCE9B917B05B}.Debug|Any CPU.Build.0 = Debug|Any CPU
		{AF1A7802-58A2-4B70-9195-DCE9B917B05B}.Release|Any CPU.ActiveCfg = Release|Any CPU
		{AF1A7802-58A2-4B70-9195-DCE9B917B05B}.Release|Any CPU.Build.0 = Release|Any CPU
	EndGlobalSection
	GlobalSection(SolutionProperties) = preSolution
		HideSolutionNode = FALSE
	EndGlobalSection
	GlobalSection(ExtensibilityGlobals) = postSolution
		SolutionGuid = {0201C8F8-0F20-41F6-9306-07CEBC10E460}
	EndGlobalSection
EndGlobal
