
Microsoft Visual Studio Solution File, Format Version 12.00
# Visual Studio Version 16
VisualStudioVersion = 16.0.29306.81
MinimumVisualStudioVersion = 10.0.40219.1
Project("{FAE04EC0-301F-11D3-BF4B-00C04F79EFBC}") = "Topic_9(IComparable)", "Topic_9(IComparable)\Topic_9(IComparable).csproj", "{201A44FA-C380-49D0-899D-99287FB4888A}"
EndProject
Global
	GlobalSection(SolutionConfigurationPlatforms) = preSolution
		Debug|Any CPU = Debug|Any CPU
		Release|Any CPU = Release|Any CPU
	EndGlobalSection
	GlobalSection(ProjectConfigurationPlatforms) = postSolution
		{201A44FA-C380-49D0-899D-99287FB4888A}.Debug|Any CPU.ActiveCfg = Debug|Any CPU
		{201A44FA-C380-49D0-899D-99287FB4888A}.Debug|Any CPU.Build.0 = Debug|Any CPU
		{201A44FA-C380-49D0-899D-99287FB4888A}.Release|Any CPU.ActiveCfg = Release|Any CPU
		{201A44FA-C380-49D0-899D-99287FB4888A}.Release|Any CPU.Build.0 = Release|Any CPU
	EndGlobalSection
	GlobalSection(SolutionProperties) = preSolution
		HideSolutionNode = FALSE
	EndGlobalSection
	GlobalSection(ExtensibilityGlobals) = postSolution
		SolutionGuid = {B839F8D8-C0D7-4AFE-BDBD-D871928B7732}
	EndGlobalSection
EndGlobal
