
Microsoft Visual Studio Solution File, Format Version 12.00
# Visual Studio Version 16
VisualStudioVersion = 16.0.29306.81
MinimumVisualStudioVersion = 10.0.40219.1
Project("{FAE04EC0-301F-11D3-BF4B-00C04F79EFBC}") = "Topic_2(ReferenceType)", "Topic_2(ReferenceType)\Topic_2(ReferenceType).csproj", "{CDF06B94-6A40-45CF-A60B-9723A7F7CA2F}"
EndProject
Global
	GlobalSection(SolutionConfigurationPlatforms) = preSolution
		Debug|Any CPU = Debug|Any CPU
		Release|Any CPU = Release|Any CPU
	EndGlobalSection
	GlobalSection(ProjectConfigurationPlatforms) = postSolution
		{CDF06B94-6A40-45CF-A60B-9723A7F7CA2F}.Debug|Any CPU.ActiveCfg = Debug|Any CPU
		{CDF06B94-6A40-45CF-A60B-9723A7F7CA2F}.Debug|Any CPU.Build.0 = Debug|Any CPU
		{CDF06B94-6A40-45CF-A60B-9723A7F7CA2F}.Release|Any CPU.ActiveCfg = Release|Any CPU
		{CDF06B94-6A40-45CF-A60B-9723A7F7CA2F}.Release|Any CPU.Build.0 = Release|Any CPU
	EndGlobalSection
	GlobalSection(SolutionProperties) = preSolution
		HideSolutionNode = FALSE
	EndGlobalSection
	GlobalSection(ExtensibilityGlobals) = postSolution
		SolutionGuid = {1E0DCB26-A7AC-493B-B64A-21633A4E7450}
	EndGlobalSection
EndGlobal
