
Microsoft Visual Studio Solution File, Format Version 12.00
# Visual Studio Version 16
VisualStudioVersion = 16.0.29418.71
MinimumVisualStudioVersion = 10.0.40219.1
Project("{FAE04EC0-301F-11D3-BF4B-00C04F79EFBC}") = "упаковка,распаковка", "упаковка,распаковка.csproj", "{B3733711-927E-4DBA-883A-BA66B01856EF}"
EndProject
Global
	GlobalSection(SolutionConfigurationPlatforms) = preSolution
		Debug|Any CPU = Debug|Any CPU
		Release|Any CPU = Release|Any CPU
	EndGlobalSection
	GlobalSection(ProjectConfigurationPlatforms) = postSolution
		{B3733711-927E-4DBA-883A-BA66B01856EF}.Debug|Any CPU.ActiveCfg = Debug|Any CPU
		{B3733711-927E-4DBA-883A-BA66B01856EF}.Debug|Any CPU.Build.0 = Debug|Any CPU
		{B3733711-927E-4DBA-883A-BA66B01856EF}.Release|Any CPU.ActiveCfg = Release|Any CPU
		{B3733711-927E-4DBA-883A-BA66B01856EF}.Release|Any CPU.Build.0 = Release|Any CPU
	EndGlobalSection
	GlobalSection(SolutionProperties) = preSolution
		HideSolutionNode = FALSE
	EndGlobalSection
	GlobalSection(ExtensibilityGlobals) = postSolution
		SolutionGuid = {613BE20D-1FF7-47B2-8240-49ADB232FB63}
	EndGlobalSection
EndGlobal
