
Microsoft Visual Studio Solution File, Format Version 12.00
# Visual Studio Version 16
VisualStudioVersion = 16.0.29306.81
MinimumVisualStudioVersion = 10.0.40219.1
Project("{FAE04EC0-301F-11D3-BF4B-00C04F79EFBC}") = "Topic_13(Events_Queue)", "Topic_13(Events_Queue)\Topic_13(Events_Queue).csproj", "{700AEFD4-2B54-42C7-8255-FC0435E6043B}"
EndProject
Global
	GlobalSection(SolutionConfigurationPlatforms) = preSolution
		Debug|Any CPU = Debug|Any CPU
		Release|Any CPU = Release|Any CPU
	EndGlobalSection
	GlobalSection(ProjectConfigurationPlatforms) = postSolution
		{700AEFD4-2B54-42C7-8255-FC0435E6043B}.Debug|Any CPU.ActiveCfg = Debug|Any CPU
		{700AEFD4-2B54-42C7-8255-FC0435E6043B}.Debug|Any CPU.Build.0 = Debug|Any CPU
		{700AEFD4-2B54-42C7-8255-FC0435E6043B}.Release|Any CPU.ActiveCfg = Release|Any CPU
		{700AEFD4-2B54-42C7-8255-FC0435E6043B}.Release|Any CPU.Build.0 = Release|Any CPU
	EndGlobalSection
	GlobalSection(SolutionProperties) = preSolution
		HideSolutionNode = FALSE
	EndGlobalSection
	GlobalSection(ExtensibilityGlobals) = postSolution
		SolutionGuid = {CD51B502-BC59-47E4-A130-EE4102D3A126}
	EndGlobalSection
EndGlobal
