
Microsoft Visual Studio Solution File, Format Version 12.00
# Visual Studio Version 16
VisualStudioVersion = 16.0.29306.81
MinimumVisualStudioVersion = 10.0.40219.1
Project("{FAE04EC0-301F-11D3-BF4B-00C04F79EFBC}") = "Topic_20(ThreadingTimer)", "Topic_20(ThreadingTimer)\Topic_20(ThreadingTimer).csproj", "{2054A13C-CA5A-4698-8F1B-284280F5F1C1}"
EndProject
Global
	GlobalSection(SolutionConfigurationPlatforms) = preSolution
		Debug|Any CPU = Debug|Any CPU
		Release|Any CPU = Release|Any CPU
	EndGlobalSection
	GlobalSection(ProjectConfigurationPlatforms) = postSolution
		{2054A13C-CA5A-4698-8F1B-284280F5F1C1}.Debug|Any CPU.ActiveCfg = Debug|Any CPU
		{2054A13C-CA5A-4698-8F1B-284280F5F1C1}.Debug|Any CPU.Build.0 = Debug|Any CPU
		{2054A13C-CA5A-4698-8F1B-284280F5F1C1}.Release|Any CPU.ActiveCfg = Release|Any CPU
		{2054A13C-CA5A-4698-8F1B-284280F5F1C1}.Release|Any CPU.Build.0 = Release|Any CPU
	EndGlobalSection
	GlobalSection(SolutionProperties) = preSolution
		HideSolutionNode = FALSE
	EndGlobalSection
	GlobalSection(ExtensibilityGlobals) = postSolution
		SolutionGuid = {452A43F3-BFBF-46F3-9400-0ACC3740EFC3}
	EndGlobalSection
EndGlobal
