
Microsoft Visual Studio Solution File, Format Version 12.00
# Visual Studio Version 16
VisualStudioVersion = 16.0.29509.3
MinimumVisualStudioVersion = 10.0.40219.1
Project("{FAE04EC0-301F-11D3-BF4B-00C04F79EFBC}") = "Equarls_Gethashcode", "Equarls_Gethashcode.csproj", "{94B97F90-46C3-4404-90B0-C60A9D4EFFA1}"
EndProject
Global
	GlobalSection(SolutionConfigurationPlatforms) = preSolution
		Debug|Any CPU = Debug|Any CPU
		Release|Any CPU = Release|Any CPU
	EndGlobalSection
	GlobalSection(ProjectConfigurationPlatforms) = postSolution
		{94B97F90-46C3-4404-90B0-C60A9D4EFFA1}.Debug|Any CPU.ActiveCfg = Debug|Any CPU
		{94B97F90-46C3-4404-90B0-C60A9D4EFFA1}.Debug|Any CPU.Build.0 = Debug|Any CPU
		{94B97F90-46C3-4404-90B0-C60A9D4EFFA1}.Release|Any CPU.ActiveCfg = Release|Any CPU
		{94B97F90-46C3-4404-90B0-C60A9D4EFFA1}.Release|Any CPU.Build.0 = Release|Any CPU
	EndGlobalSection
	GlobalSection(SolutionProperties) = preSolution
		HideSolutionNode = FALSE
	EndGlobalSection
	GlobalSection(ExtensibilityGlobals) = postSolution
		SolutionGuid = {F5D10224-5DCE-48D6-A85A-1B0D6A015881}
	EndGlobalSection
EndGlobal
