
Microsoft Visual Studio Solution File, Format Version 12.00
# Visual Studio Version 16
VisualStudioVersion = 16.0.29306.81
MinimumVisualStudioVersion = 10.0.40219.1
Project("{FAE04EC0-301F-11D3-BF4B-00C04F79EFBC}") = "Topic_20(AutoResetEvent)", "Topic_20(AutoResetEvent)\Topic_20(AutoResetEvent).csproj", "{43664D57-2638-4066-BA57-7B4205B2E7B7}"
EndProject
Global
	GlobalSection(SolutionConfigurationPlatforms) = preSolution
		Debug|Any CPU = Debug|Any CPU
		Release|Any CPU = Release|Any CPU
	EndGlobalSection
	GlobalSection(ProjectConfigurationPlatforms) = postSolution
		{43664D57-2638-4066-BA57-7B4205B2E7B7}.Debug|Any CPU.ActiveCfg = Debug|Any CPU
		{43664D57-2638-4066-BA57-7B4205B2E7B7}.Debug|Any CPU.Build.0 = Debug|Any CPU
		{43664D57-2638-4066-BA57-7B4205B2E7B7}.Release|Any CPU.ActiveCfg = Release|Any CPU
		{43664D57-2638-4066-BA57-7B4205B2E7B7}.Release|Any CPU.Build.0 = Release|Any CPU
	EndGlobalSection
	GlobalSection(SolutionProperties) = preSolution
		HideSolutionNode = FALSE
	EndGlobalSection
	GlobalSection(ExtensibilityGlobals) = postSolution
		SolutionGuid = {7EE30A33-8490-4ED9-93DF-3692B77788B4}
	EndGlobalSection
EndGlobal
