
Microsoft Visual Studio Solution File, Format Version 12.00
# Visual Studio Version 16
VisualStudioVersion = 16.0.29306.81
MinimumVisualStudioVersion = 10.0.40219.1
Project("{FAE04EC0-301F-11D3-BF4B-00C04F79EFBC}") = "Topic_13(Events0)", "Topic_13(Events0)\Topic_13(Events0).csproj", "{BBD1EB79-B26B-4B50-9E7A-FC7BDB1C290B}"
EndProject
Global
	GlobalSection(SolutionConfigurationPlatforms) = preSolution
		Debug|Any CPU = Debug|Any CPU
		Release|Any CPU = Release|Any CPU
	EndGlobalSection
	GlobalSection(ProjectConfigurationPlatforms) = postSolution
		{BBD1EB79-B26B-4B50-9E7A-FC7BDB1C290B}.Debug|Any CPU.ActiveCfg = Debug|Any CPU
		{BBD1EB79-B26B-4B50-9E7A-FC7BDB1C290B}.Debug|Any CPU.Build.0 = Debug|Any CPU
		{BBD1EB79-B26B-4B50-9E7A-FC7BDB1C290B}.Release|Any CPU.ActiveCfg = Release|Any CPU
		{BBD1EB79-B26B-4B50-9E7A-FC7BDB1C290B}.Release|Any CPU.Build.0 = Release|Any CPU
	EndGlobalSection
	GlobalSection(SolutionProperties) = preSolution
		HideSolutionNode = FALSE
	EndGlobalSection
	GlobalSection(ExtensibilityGlobals) = postSolution
		SolutionGuid = {F1DE31D5-9993-4F8A-AC15-20906E1B49DD}
	EndGlobalSection
EndGlobal
