
Microsoft Visual Studio Solution File, Format Version 12.00
# Visual Studio Version 16
VisualStudioVersion = 16.0.29306.81
MinimumVisualStudioVersion = 10.0.40219.1
Project("{9A19103F-16F7-4668-BE54-9A1E7A4F7556}") = "Topic_3(in_out_ref)", "Topic_3(in_out_ref)\Topic_3(in_out_ref).csproj", "{DE8FFE17-92ED-4093-A13D-2E102382AED7}"
EndProject
Project("{FAE04EC0-301F-11D3-BF4B-00C04F79EFBC}") = "UnitTestTopic_3(in_out_ref)", "UnitTestTopic_3(in_out_ref)\UnitTestTopic_3(in_out_ref).csproj", "{284802FC-273E-43BE-8223-4222B8B92CB1}"
EndProject
Global
	GlobalSection(SolutionConfigurationPlatforms) = preSolution
		Debug|Any CPU = Debug|Any CPU
		Release|Any CPU = Release|Any CPU
	EndGlobalSection
	GlobalSection(ProjectConfigurationPlatforms) = postSolution
		{DE8FFE17-92ED-4093-A13D-2E102382AED7}.Debug|Any CPU.ActiveCfg = Debug|Any CPU
		{DE8FFE17-92ED-4093-A13D-2E102382AED7}.Debug|Any CPU.Build.0 = Debug|Any CPU
		{DE8FFE17-92ED-4093-A13D-2E102382AED7}.Release|Any CPU.ActiveCfg = Release|Any CPU
		{DE8FFE17-92ED-4093-A13D-2E102382AED7}.Release|Any CPU.Build.0 = Release|Any CPU
		{284802FC-273E-43BE-8223-4222B8B92CB1}.Debug|Any CPU.ActiveCfg = Debug|Any CPU
		{284802FC-273E-43BE-8223-4222B8B92CB1}.Debug|Any CPU.Build.0 = Debug|Any CPU
		{284802FC-273E-43BE-8223-4222B8B92CB1}.Release|Any CPU.ActiveCfg = Release|Any CPU
		{284802FC-273E-43BE-8223-4222B8B92CB1}.Release|Any CPU.Build.0 = Release|Any CPU
	EndGlobalSection
	GlobalSection(SolutionProperties) = preSolution
		HideSolutionNode = FALSE
	EndGlobalSection
	GlobalSection(ExtensibilityGlobals) = postSolution
		SolutionGuid = {DECC736B-1466-4C78-9424-5C4F1547E7C1}
	EndGlobalSection
EndGlobal
