
Microsoft Visual Studio Solution File, Format Version 12.00
# Visual Studio Version 16
VisualStudioVersion = 16.0.29306.81
MinimumVisualStudioVersion = 10.0.40219.1
Project("{FAE04EC0-301F-11D3-BF4B-00C04F79EFBC}") = "Topic_1(OOP)", "Topic_1(OOP)\Topic_1(OOP).csproj", "{238D6D13-62AE-493A-AAE7-94E1B33E4B1D}"
EndProject
Global
	GlobalSection(SolutionConfigurationPlatforms) = preSolution
		Debug|Any CPU = Debug|Any CPU
		Release|Any CPU = Release|Any CPU
	EndGlobalSection
	GlobalSection(ProjectConfigurationPlatforms) = postSolution
		{238D6D13-62AE-493A-AAE7-94E1B33E4B1D}.Debug|Any CPU.ActiveCfg = Debug|Any CPU
		{238D6D13-62AE-493A-AAE7-94E1B33E4B1D}.Debug|Any CPU.Build.0 = Debug|Any CPU
		{238D6D13-62AE-493A-AAE7-94E1B33E4B1D}.Release|Any CPU.ActiveCfg = Release|Any CPU
		{238D6D13-62AE-493A-AAE7-94E1B33E4B1D}.Release|Any CPU.Build.0 = Release|Any CPU
	EndGlobalSection
	GlobalSection(SolutionProperties) = preSolution
		HideSolutionNode = FALSE
	EndGlobalSection
	GlobalSection(ExtensibilityGlobals) = postSolution
		SolutionGuid = {FF2A269A-B979-4F0C-A187-B26C1D41B1F5}
	EndGlobalSection
EndGlobal
