
Microsoft Visual Studio Solution File, Format Version 12.00
# Visual Studio Version 16
VisualStudioVersion = 16.0.29306.81
MinimumVisualStudioVersion = 10.0.40219.1
Project("{FAE04EC0-301F-11D3-BF4B-00C04F79EFBC}") = "Topic_6(Generic - Limitations of generalizations)", "Topic_6(Generic - Limitations of generalizations)\Topic_6(Generic - Limitations of generalizations).csproj", "{3CA100F9-87EE-4716-83F8-B248D7311FF6}"
EndProject
Global
	GlobalSection(SolutionConfigurationPlatforms) = preSolution
		Debug|Any CPU = Debug|Any CPU
		Release|Any CPU = Release|Any CPU
	EndGlobalSection
	GlobalSection(ProjectConfigurationPlatforms) = postSolution
		{3CA100F9-87EE-4716-83F8-B248D7311FF6}.Debug|Any CPU.ActiveCfg = Debug|Any CPU
		{3CA100F9-87EE-4716-83F8-B248D7311FF6}.Debug|Any CPU.Build.0 = Debug|Any CPU
		{3CA100F9-87EE-4716-83F8-B248D7311FF6}.Release|Any CPU.ActiveCfg = Release|Any CPU
		{3CA100F9-87EE-4716-83F8-B248D7311FF6}.Release|Any CPU.Build.0 = Release|Any CPU
	EndGlobalSection
	GlobalSection(SolutionProperties) = preSolution
		HideSolutionNode = FALSE
	EndGlobalSection
	GlobalSection(ExtensibilityGlobals) = postSolution
		SolutionGuid = {F3A25BF0-7354-4C7E-A9BD-AF629B8092DB}
	EndGlobalSection
EndGlobal
