
Microsoft Visual Studio Solution File, Format Version 12.00
# Visual Studio 15
VisualStudioVersion = 15.0.28307.902
MinimumVisualStudioVersion = 10.0.40219.1
Project("{FAE04EC0-301F-11D3-BF4B-00C04F79EFBC}") = "12 - UniqueCollection", "12 - UniqueCollection\12 - UniqueCollection.csproj", "{9FD22863-1054-4F9E-8BAC-4AA8D8B12CD0}"
EndProject
Global
	GlobalSection(SolutionConfigurationPlatforms) = preSolution
		Debug|Any CPU = Debug|Any CPU
		Release|Any CPU = Release|Any CPU
	EndGlobalSection
	GlobalSection(ProjectConfigurationPlatforms) = postSolution
		{9FD22863-1054-4F9E-8BAC-4AA8D8B12CD0}.Debug|Any CPU.ActiveCfg = Debug|Any CPU
		{9FD22863-1054-4F9E-8BAC-4AA8D8B12CD0}.Debug|Any CPU.Build.0 = Debug|Any CPU
		{9FD22863-1054-4F9E-8BAC-4AA8D8B12CD0}.Release|Any CPU.ActiveCfg = Release|Any CPU
		{9FD22863-1054-4F9E-8BAC-4AA8D8B12CD0}.Release|Any CPU.Build.0 = Release|Any CPU
	EndGlobalSection
	GlobalSection(SolutionProperties) = preSolution
		HideSolutionNode = FALSE
	EndGlobalSection
	GlobalSection(ExtensibilityGlobals) = postSolution
		SolutionGuid = {ACE9D5D6-DEAE-4532-BAF7-51B96485F4C3}
	EndGlobalSection
EndGlobal
