
Microsoft Visual Studio Solution File, Format Version 12.00
# Visual Studio Version 16
VisualStudioVersion = 16.0.29306.81
MinimumVisualStudioVersion = 10.0.40219.1
Project("{FAE04EC0-301F-11D3-BF4B-00C04F79EFBC}") = "Topic_20(ThreadingThreadPool Fibonacci)", "Topic_20(ThreadingThreadPool Fibonacci)\Topic_20(ThreadingThreadPool Fibonacci).csproj", "{71500683-B8F7-415E-A551-1D61BFD0E7EE}"
EndProject
Global
	GlobalSection(SolutionConfigurationPlatforms) = preSolution
		Debug|Any CPU = Debug|Any CPU
		Release|Any CPU = Release|Any CPU
	EndGlobalSection
	GlobalSection(ProjectConfigurationPlatforms) = postSolution
		{71500683-B8F7-415E-A551-1D61BFD0E7EE}.Debug|Any CPU.ActiveCfg = Debug|Any CPU
		{71500683-B8F7-415E-A551-1D61BFD0E7EE}.Debug|Any CPU.Build.0 = Debug|Any CPU
		{71500683-B8F7-415E-A551-1D61BFD0E7EE}.Release|Any CPU.ActiveCfg = Release|Any CPU
		{71500683-B8F7-415E-A551-1D61BFD0E7EE}.Release|Any CPU.Build.0 = Release|Any CPU
	EndGlobalSection
	GlobalSection(SolutionProperties) = preSolution
		HideSolutionNode = FALSE
	EndGlobalSection
	GlobalSection(ExtensibilityGlobals) = postSolution
		SolutionGuid = {BE7B146F-B05D-4DF2-BBF1-028AB2079D05}
	EndGlobalSection
EndGlobal
