
Microsoft Visual Studio Solution File, Format Version 12.00
# Visual Studio Version 16
VisualStudioVersion = 16.0.29509.3
MinimumVisualStudioVersion = 10.0.40219.1
Project("{FAE04EC0-301F-11D3-BF4B-00C04F79EFBC}") = "Расширения", "Расширения.csproj", "{7545B73E-05E7-42AD-94DA-E6FAB62A2E6B}"
EndProject
Global
	GlobalSection(SolutionConfigurationPlatforms) = preSolution
		Debug|Any CPU = Debug|Any CPU
		Release|Any CPU = Release|Any CPU
	EndGlobalSection
	GlobalSection(ProjectConfigurationPlatforms) = postSolution
		{7545B73E-05E7-42AD-94DA-E6FAB62A2E6B}.Debug|Any CPU.ActiveCfg = Debug|Any CPU
		{7545B73E-05E7-42AD-94DA-E6FAB62A2E6B}.Debug|Any CPU.Build.0 = Debug|Any CPU
		{7545B73E-05E7-42AD-94DA-E6FAB62A2E6B}.Release|Any CPU.ActiveCfg = Release|Any CPU
		{7545B73E-05E7-42AD-94DA-E6FAB62A2E6B}.Release|Any CPU.Build.0 = Release|Any CPU
	EndGlobalSection
	GlobalSection(SolutionProperties) = preSolution
		HideSolutionNode = FALSE
	EndGlobalSection
	GlobalSection(ExtensibilityGlobals) = postSolution
		SolutionGuid = {76B4496E-2982-4487-BBD2-799FE1D98E98}
	EndGlobalSection
EndGlobal
