
Microsoft Visual Studio Solution File, Format Version 12.00
# Visual Studio Version 16
VisualStudioVersion = 16.0.29306.81
MinimumVisualStudioVersion = 10.0.40219.1
Project("{FAE04EC0-301F-11D3-BF4B-00C04F79EFBC}") = "Topic_16(Extension methods)", "Topic_16(Extension methods)\Topic_16(Extension methods).csproj", "{2B7A9FBB-961F-4A51-8418-F4C46656575C}"
EndProject
Global
	GlobalSection(SolutionConfigurationPlatforms) = preSolution
		Debug|Any CPU = Debug|Any CPU
		Release|Any CPU = Release|Any CPU
	EndGlobalSection
	GlobalSection(ProjectConfigurationPlatforms) = postSolution
		{2B7A9FBB-961F-4A51-8418-F4C46656575C}.Debug|Any CPU.ActiveCfg = Debug|Any CPU
		{2B7A9FBB-961F-4A51-8418-F4C46656575C}.Debug|Any CPU.Build.0 = Debug|Any CPU
		{2B7A9FBB-961F-4A51-8418-F4C46656575C}.Release|Any CPU.ActiveCfg = Release|Any CPU
		{2B7A9FBB-961F-4A51-8418-F4C46656575C}.Release|Any CPU.Build.0 = Release|Any CPU
	EndGlobalSection
	GlobalSection(SolutionProperties) = preSolution
		HideSolutionNode = FALSE
	EndGlobalSection
	GlobalSection(ExtensibilityGlobals) = postSolution
		SolutionGuid = {0375F153-C2A5-4EF1-AE69-60C4CD0F43F1}
	EndGlobalSection
EndGlobal
