
Microsoft Visual Studio Solution File, Format Version 12.00
# Visual Studio Version 16
VisualStudioVersion = 16.0.29306.81
MinimumVisualStudioVersion = 10.0.40219.1
Project("{FAE04EC0-301F-11D3-BF4B-00C04F79EFBC}") = "Topic_20(ThreadingThreadPool)", "Topic_20(ThreadingThreadPool)\Topic_20(ThreadingThreadPool).csproj", "{C69DF130-F4F6-49B2-B09B-4956DB160586}"
EndProject
Global
	GlobalSection(SolutionConfigurationPlatforms) = preSolution
		Debug|Any CPU = Debug|Any CPU
		Release|Any CPU = Release|Any CPU
	EndGlobalSection
	GlobalSection(ProjectConfigurationPlatforms) = postSolution
		{C69DF130-F4F6-49B2-B09B-4956DB160586}.Debug|Any CPU.ActiveCfg = Debug|Any CPU
		{C69DF130-F4F6-49B2-B09B-4956DB160586}.Debug|Any CPU.Build.0 = Debug|Any CPU
		{C69DF130-F4F6-49B2-B09B-4956DB160586}.Release|Any CPU.ActiveCfg = Release|Any CPU
		{C69DF130-F4F6-49B2-B09B-4956DB160586}.Release|Any CPU.Build.0 = Release|Any CPU
	EndGlobalSection
	GlobalSection(SolutionProperties) = preSolution
		HideSolutionNode = FALSE
	EndGlobalSection
	GlobalSection(ExtensibilityGlobals) = postSolution
		SolutionGuid = {7AC2D73D-0D76-46DE-A23E-A226AEDA1398}
	EndGlobalSection
EndGlobal
