
Microsoft Visual Studio Solution File, Format Version 12.00
# Visual Studio Version 16
VisualStudioVersion = 16.0.29306.81
MinimumVisualStudioVersion = 10.0.40219.1
Project("{FAE04EC0-301F-11D3-BF4B-00C04F79EFBC}") = "Topic_17(Reflection)", "Topic_17(Reflection)\Topic_17(Reflection).csproj", "{F3DCC9A2-913F-446C-AB14-664452356A02}"
EndProject
Global
	GlobalSection(SolutionConfigurationPlatforms) = preSolution
		Debug|Any CPU = Debug|Any CPU
		Release|Any CPU = Release|Any CPU
	EndGlobalSection
	GlobalSection(ProjectConfigurationPlatforms) = postSolution
		{F3DCC9A2-913F-446C-AB14-664452356A02}.Debug|Any CPU.ActiveCfg = Debug|Any CPU
		{F3DCC9A2-913F-446C-AB14-664452356A02}.Debug|Any CPU.Build.0 = Debug|Any CPU
		{F3DCC9A2-913F-446C-AB14-664452356A02}.Release|Any CPU.ActiveCfg = Release|Any CPU
		{F3DCC9A2-913F-446C-AB14-664452356A02}.Release|Any CPU.Build.0 = Release|Any CPU
	EndGlobalSection
	GlobalSection(SolutionProperties) = preSolution
		HideSolutionNode = FALSE
	EndGlobalSection
	GlobalSection(ExtensibilityGlobals) = postSolution
		SolutionGuid = {169DF29F-5A7E-4DC3-98E3-0023238BC49B}
	EndGlobalSection
EndGlobal
