
Microsoft Visual Studio Solution File, Format Version 12.00
# Visual Studio 15
VisualStudioVersion = 15.0.28307.779
MinimumVisualStudioVersion = 10.0.40219.1
Project("{FAE04EC0-301F-11D3-BF4B-00C04F79EFBC}") = "Stage1", "Stage1\Stage1.csproj", "{FBC77EAC-5565-4BB3-8EFE-2648F0AE5787}"
EndProject
Project("{FAE04EC0-301F-11D3-BF4B-00C04F79EFBC}") = "Stage1Paragraph3", "Stage1Paragraph3\Stage1Paragraph3.csproj", "{08AA0962-0CB2-4C99-BED4-F62B0B65013A}"
EndProject
Global
	GlobalSection(SolutionConfigurationPlatforms) = preSolution
		Debug|Any CPU = Debug|Any CPU
		Release|Any CPU = Release|Any CPU
	EndGlobalSection
	GlobalSection(ProjectConfigurationPlatforms) = postSolution
		{FBC77EAC-5565-4BB3-8EFE-2648F0AE5787}.Debug|Any CPU.ActiveCfg = Debug|Any CPU
		{FBC77EAC-5565-4BB3-8EFE-2648F0AE5787}.Debug|Any CPU.Build.0 = Debug|Any CPU
		{FBC77EAC-5565-4BB3-8EFE-2648F0AE5787}.Release|Any CPU.ActiveCfg = Release|Any CPU
		{FBC77EAC-5565-4BB3-8EFE-2648F0AE5787}.Release|Any CPU.Build.0 = Release|Any CPU
		{08AA0962-0CB2-4C99-BED4-F62B0B65013A}.Debug|Any CPU.ActiveCfg = Debug|Any CPU
		{08AA0962-0CB2-4C99-BED4-F62B0B65013A}.Debug|Any CPU.Build.0 = Debug|Any CPU
		{08AA0962-0CB2-4C99-BED4-F62B0B65013A}.Release|Any CPU.ActiveCfg = Release|Any CPU
		{08AA0962-0CB2-4C99-BED4-F62B0B65013A}.Release|Any CPU.Build.0 = Release|Any CPU
	EndGlobalSection
	GlobalSection(SolutionProperties) = preSolution
		HideSolutionNode = FALSE
	EndGlobalSection
	GlobalSection(ExtensibilityGlobals) = postSolution
		SolutionGuid = {AFEF9D9F-9E1B-4D51-B969-97CA0855C8A1}
	EndGlobalSection
EndGlobal
