
Microsoft Visual Studio Solution File, Format Version 12.00
# Visual Studio 15
VisualStudioVersion = 15.0.28307.779
MinimumVisualStudioVersion = 10.0.40219.1
Project("{FAE04EC0-301F-11D3-BF4B-00C04F79EFBC}") = "Stage1", "Stage1\Stage1.csproj", "{FBC77EAC-5565-4BB3-8EFE-2648F0AE5787}"
EndProject
Project("{FAE04EC0-301F-11D3-BF4B-00C04F79EFBC}") = "Stage1Paragraph3", "Stage1Paragraph3\Stage1Paragraph3.csproj", "{08AA0962-0CB2-4C99-BED4-F62B0B65013A}"
EndProject
Project("{FAE04EC0-301F-11D3-BF4B-00C04F79EFBC}") = "Stage1Paragraph11", "Stage1Paragraph11\Stage1Paragraph11.csproj", "{B8937453-FC44-487A-BB3C-1A5D701A8E51}"
EndProject
Project("{FAE04EC0-301F-11D3-BF4B-00C04F79EFBC}") = "Stage1Paragraph7", "Stage1Paragraph7\Stage1Paragraph7.csproj", "{2EE2462D-F83B-462A-88F0-A9D2C471337C}"
EndProject
Project("{FAE04EC0-301F-11D3-BF4B-00C04F79EFBC}") = "Stage1Paragraph4", "Stage1Paragraph4\Stage1Paragraph4.csproj", "{FF07DDEF-14CB-4044-8F30-D3F5DE00B514}"
EndProject
Project("{FAE04EC0-301F-11D3-BF4B-00C04F79EFBC}") = "Stage1Paragraph5", "Stage1Paragraph5\Stage1Paragraph5.csproj", "{0FEB1312-C4DC-4E42-8F3D-584858F404A8}"
EndProject
Project("{FAE04EC0-301F-11D3-BF4B-00C04F79EFBC}") = "StageParagraph6", "StageParagraph6\StageParagraph6.csproj", "{30D13C05-3DEB-43C5-9725-3F786C89AC2C}"
EndProject
Global
	GlobalSection(SolutionConfigurationPlatforms) = preSolution
		Debug|Any CPU = Debug|Any CPU
		Release|Any CPU = Release|Any CPU
	EndGlobalSection
	GlobalSection(ProjectConfigurationPlatforms) = postSolution
		{FBC77EAC-5565-4BB3-8EFE-2648F0AE5787}.Debug|Any CPU.ActiveCfg = Debug|Any CPU
		{FBC77EAC-5565-4BB3-8EFE-2648F0AE5787}.Debug|Any CPU.Build.0 = Debug|Any CPU
		{FBC77EAC-5565-4BB3-8EFE-2648F0AE5787}.Release|Any CPU.ActiveCfg = Release|Any CPU
		{FBC77EAC-5565-4BB3-8EFE-2648F0AE5787}.Release|Any CPU.Build.0 = Release|Any CPU
		{08AA0962-0CB2-4C99-BED4-F62B0B65013A}.Debug|Any CPU.ActiveCfg = Debug|Any CPU
		{08AA0962-0CB2-4C99-BED4-F62B0B65013A}.Debug|Any CPU.Build.0 = Debug|Any CPU
		{08AA0962-0CB2-4C99-BED4-F62B0B65013A}.Release|Any CPU.ActiveCfg = Release|Any CPU
		{08AA0962-0CB2-4C99-BED4-F62B0B65013A}.Release|Any CPU.Build.0 = Release|Any CPU
		{B8937453-FC44-487A-BB3C-1A5D701A8E51}.Debug|Any CPU.ActiveCfg = Debug|Any CPU
		{B8937453-FC44-487A-BB3C-1A5D701A8E51}.Debug|Any CPU.Build.0 = Debug|Any CPU
		{B8937453-FC44-487A-BB3C-1A5D701A8E51}.Release|Any CPU.ActiveCfg = Release|Any CPU
		{B8937453-FC44-487A-BB3C-1A5D701A8E51}.Release|Any CPU.Build.0 = Release|Any CPU
		{2EE2462D-F83B-462A-88F0-A9D2C471337C}.Debug|Any CPU.ActiveCfg = Debug|Any CPU
		{2EE2462D-F83B-462A-88F0-A9D2C471337C}.Debug|Any CPU.Build.0 = Debug|Any CPU
		{2EE2462D-F83B-462A-88F0-A9D2C471337C}.Release|Any CPU.ActiveCfg = Release|Any CPU
		{2EE2462D-F83B-462A-88F0-A9D2C471337C}.Release|Any CPU.Build.0 = Release|Any CPU
		{FF07DDEF-14CB-4044-8F30-D3F5DE00B514}.Debug|Any CPU.ActiveCfg = Debug|Any CPU
		{FF07DDEF-14CB-4044-8F30-D3F5DE00B514}.Debug|Any CPU.Build.0 = Debug|Any CPU
		{FF07DDEF-14CB-4044-8F30-D3F5DE00B514}.Release|Any CPU.ActiveCfg = Release|Any CPU
		{FF07DDEF-14CB-4044-8F30-D3F5DE00B514}.Release|Any CPU.Build.0 = Release|Any CPU
		{0FEB1312-C4DC-4E42-8F3D-584858F404A8}.Debug|Any CPU.ActiveCfg = Debug|Any CPU
		{0FEB1312-C4DC-4E42-8F3D-584858F404A8}.Debug|Any CPU.Build.0 = Debug|Any CPU
		{0FEB1312-C4DC-4E42-8F3D-584858F404A8}.Release|Any CPU.ActiveCfg = Release|Any CPU
		{0FEB1312-C4DC-4E42-8F3D-584858F404A8}.Release|Any CPU.Build.0 = Release|Any CPU
		{30D13C05-3DEB-43C5-9725-3F786C89AC2C}.Debug|Any CPU.ActiveCfg = Debug|Any CPU
		{30D13C05-3DEB-43C5-9725-3F786C89AC2C}.Debug|Any CPU.Build.0 = Debug|Any CPU
		{30D13C05-3DEB-43C5-9725-3F786C89AC2C}.Release|Any CPU.ActiveCfg = Release|Any CPU
		{30D13C05-3DEB-43C5-9725-3F786C89AC2C}.Release|Any CPU.Build.0 = Release|Any CPU
	EndGlobalSection
	GlobalSection(SolutionProperties) = preSolution
		HideSolutionNode = FALSE
	EndGlobalSection
	GlobalSection(ExtensibilityGlobals) = postSolution
		SolutionGuid = {AFEF9D9F-9E1B-4D51-B969-97CA0855C8A1}
	EndGlobalSection
EndGlobal
