
Microsoft Visual Studio Solution File, Format Version 12.00
# Visual Studio Version 16
VisualStudioVersion = 16.0.29418.71
MinimumVisualStudioVersion = 10.0.40219.1
Project("{FAE04EC0-301F-11D3-BF4B-00C04F79EFBC}") = "Stage1", "Stage1\Stage1.csproj", "{FBC77EAC-5565-4BB3-8EFE-2648F0AE5787}"
EndProject
Project("{FAE04EC0-301F-11D3-BF4B-00C04F79EFBC}") = "Stage1Chapter3", "Stage1Chapter3\Stage1Chapter3.csproj", "{279E62A5-8644-4707-A8F1-378503027292}"
EndProject
Project("{FAE04EC0-301F-11D3-BF4B-00C04F79EFBC}") = "Stage1Chapter7", "Stage1Chapter7\Stage1Chapter7.csproj", "{D7F885C9-0E69-44AA-9FF6-F0B37DEB6159}"
EndProject
Project("{FAE04EC0-301F-11D3-BF4B-00C04F79EFBC}") = "Stage1Chapter8", "Stage1Chapter8\Stage1Chapter8.csproj", "{609C1B52-46F6-4DA9-96CA-773C54F7415B}"
EndProject
Project("{FAE04EC0-301F-11D3-BF4B-00C04F79EFBC}") = "Stage1Chapter9", "Stage1Chapter9\Stage1Chapter9.csproj", "{903D872C-8512-47B5-B4DD-45F4EDB7E643}"
EndProject
Project("{FAE04EC0-301F-11D3-BF4B-00C04F79EFBC}") = "Stage1Chapter4", "Stage1Chapter4\Stage1Chapter4.csproj", "{8DB5A11A-10E2-4D3B-A5B0-FF085DE1725B}"
EndProject
Project("{FAE04EC0-301F-11D3-BF4B-00C04F79EFBC}") = "Stage1Chapter5", "Stage1Chapter5\Stage1Chapter5.csproj", "{ED707CDD-BB27-4892-96A2-508BE7C50181}"
EndProject
Project("{FAE04EC0-301F-11D3-BF4B-00C04F79EFBC}") = "Stage1Chapter6", "Stage1Chapter6\Stage1Chapter6.csproj", "{452A7B99-2A83-4DFC-B2B5-5E1F925EB94C}"
EndProject
Project("{FAE04EC0-301F-11D3-BF4B-00C04F79EFBC}") = "Stage1Chapter10", "Stage1Chapter10\Stage1Chapter10.csproj", "{020F49CB-BB7B-4232-8C1A-BED75B307985}"
EndProject
Global
	GlobalSection(SolutionConfigurationPlatforms) = preSolution
		Debug|Any CPU = Debug|Any CPU
		Release|Any CPU = Release|Any CPU
	EndGlobalSection
	GlobalSection(ProjectConfigurationPlatforms) = postSolution
		{FBC77EAC-5565-4BB3-8EFE-2648F0AE5787}.Debug|Any CPU.ActiveCfg = Debug|Any CPU
		{FBC77EAC-5565-4BB3-8EFE-2648F0AE5787}.Debug|Any CPU.Build.0 = Debug|Any CPU
		{FBC77EAC-5565-4BB3-8EFE-2648F0AE5787}.Release|Any CPU.ActiveCfg = Release|Any CPU
		{FBC77EAC-5565-4BB3-8EFE-2648F0AE5787}.Release|Any CPU.Build.0 = Release|Any CPU
		{279E62A5-8644-4707-A8F1-378503027292}.Debug|Any CPU.ActiveCfg = Debug|Any CPU
		{279E62A5-8644-4707-A8F1-378503027292}.Debug|Any CPU.Build.0 = Debug|Any CPU
		{279E62A5-8644-4707-A8F1-378503027292}.Release|Any CPU.ActiveCfg = Release|Any CPU
		{279E62A5-8644-4707-A8F1-378503027292}.Release|Any CPU.Build.0 = Release|Any CPU
		{D7F885C9-0E69-44AA-9FF6-F0B37DEB6159}.Debug|Any CPU.ActiveCfg = Debug|Any CPU
		{D7F885C9-0E69-44AA-9FF6-F0B37DEB6159}.Debug|Any CPU.Build.0 = Debug|Any CPU
		{D7F885C9-0E69-44AA-9FF6-F0B37DEB6159}.Release|Any CPU.ActiveCfg = Release|Any CPU
		{D7F885C9-0E69-44AA-9FF6-F0B37DEB6159}.Release|Any CPU.Build.0 = Release|Any CPU
		{609C1B52-46F6-4DA9-96CA-773C54F7415B}.Debug|Any CPU.ActiveCfg = Debug|Any CPU
		{609C1B52-46F6-4DA9-96CA-773C54F7415B}.Debug|Any CPU.Build.0 = Debug|Any CPU
		{609C1B52-46F6-4DA9-96CA-773C54F7415B}.Release|Any CPU.ActiveCfg = Release|Any CPU
		{609C1B52-46F6-4DA9-96CA-773C54F7415B}.Release|Any CPU.Build.0 = Release|Any CPU
		{903D872C-8512-47B5-B4DD-45F4EDB7E643}.Debug|Any CPU.ActiveCfg = Debug|Any CPU
		{903D872C-8512-47B5-B4DD-45F4EDB7E643}.Debug|Any CPU.Build.0 = Debug|Any CPU
		{903D872C-8512-47B5-B4DD-45F4EDB7E643}.Release|Any CPU.ActiveCfg = Release|Any CPU
		{903D872C-8512-47B5-B4DD-45F4EDB7E643}.Release|Any CPU.Build.0 = Release|Any CPU
		{8DB5A11A-10E2-4D3B-A5B0-FF085DE1725B}.Debug|Any CPU.ActiveCfg = Debug|Any CPU
		{8DB5A11A-10E2-4D3B-A5B0-FF085DE1725B}.Debug|Any CPU.Build.0 = Debug|Any CPU
		{8DB5A11A-10E2-4D3B-A5B0-FF085DE1725B}.Release|Any CPU.ActiveCfg = Release|Any CPU
		{8DB5A11A-10E2-4D3B-A5B0-FF085DE1725B}.Release|Any CPU.Build.0 = Release|Any CPU
		{ED707CDD-BB27-4892-96A2-508BE7C50181}.Debug|Any CPU.ActiveCfg = Debug|Any CPU
		{ED707CDD-BB27-4892-96A2-508BE7C50181}.Debug|Any CPU.Build.0 = Debug|Any CPU
		{ED707CDD-BB27-4892-96A2-508BE7C50181}.Release|Any CPU.ActiveCfg = Release|Any CPU
		{ED707CDD-BB27-4892-96A2-508BE7C50181}.Release|Any CPU.Build.0 = Release|Any CPU
		{452A7B99-2A83-4DFC-B2B5-5E1F925EB94C}.Debug|Any CPU.ActiveCfg = Debug|Any CPU
		{452A7B99-2A83-4DFC-B2B5-5E1F925EB94C}.Debug|Any CPU.Build.0 = Debug|Any CPU
		{452A7B99-2A83-4DFC-B2B5-5E1F925EB94C}.Release|Any CPU.ActiveCfg = Release|Any CPU
		{452A7B99-2A83-4DFC-B2B5-5E1F925EB94C}.Release|Any CPU.Build.0 = Release|Any CPU
		{020F49CB-BB7B-4232-8C1A-BED75B307985}.Debug|Any CPU.ActiveCfg = Debug|Any CPU
		{020F49CB-BB7B-4232-8C1A-BED75B307985}.Debug|Any CPU.Build.0 = Debug|Any CPU
		{020F49CB-BB7B-4232-8C1A-BED75B307985}.Release|Any CPU.ActiveCfg = Release|Any CPU
		{020F49CB-BB7B-4232-8C1A-BED75B307985}.Release|Any CPU.Build.0 = Release|Any CPU
	EndGlobalSection
	GlobalSection(SolutionProperties) = preSolution
		HideSolutionNode = FALSE
	EndGlobalSection
	GlobalSection(ExtensibilityGlobals) = postSolution
		SolutionGuid = {E49E272C-F680-48CA-B069-D3973658B063}
	EndGlobalSection
EndGlobal
