
Microsoft Visual Studio Solution File, Format Version 12.00
# Visual Studio Version 16
VisualStudioVersion = 16.0.29306.81
MinimumVisualStudioVersion = 10.0.40219.1
Project("{FAE04EC0-301F-11D3-BF4B-00C04F79EFBC}") = "Topic_8(IQueryable)", "Topic_8(IQueryable)\Topic_8(IQueryable).csproj", "{050B67B6-87FA-4680-B0D3-7BF0E88DFD43}"
EndProject
Global
	GlobalSection(SolutionConfigurationPlatforms) = preSolution
		Debug|Any CPU = Debug|Any CPU
		Release|Any CPU = Release|Any CPU
	EndGlobalSection
	GlobalSection(ProjectConfigurationPlatforms) = postSolution
		{050B67B6-87FA-4680-B0D3-7BF0E88DFD43}.Debug|Any CPU.ActiveCfg = Debug|Any CPU
		{050B67B6-87FA-4680-B0D3-7BF0E88DFD43}.Debug|Any CPU.Build.0 = Debug|Any CPU
		{050B67B6-87FA-4680-B0D3-7BF0E88DFD43}.Release|Any CPU.ActiveCfg = Release|Any CPU
		{050B67B6-87FA-4680-B0D3-7BF0E88DFD43}.Release|Any CPU.Build.0 = Release|Any CPU
	EndGlobalSection
	GlobalSection(SolutionProperties) = preSolution
		HideSolutionNode = FALSE
	EndGlobalSection
	GlobalSection(ExtensibilityGlobals) = postSolution
		SolutionGuid = {435489EF-1810-411D-BA88-FD166288C32B}
	EndGlobalSection
EndGlobal
