
Microsoft Visual Studio Solution File, Format Version 12.00
# Visual Studio Version 16
VisualStudioVersion = 16.0.29306.81
MinimumVisualStudioVersion = 10.0.40219.1
Project("{FAE04EC0-301F-11D3-BF4B-00C04F79EFBC}") = "Topic_11(Delegate)", "Topic_11(Delegate)\Topic_11(Delegate).csproj", "{B6D99972-E941-4E9C-867F-42A62CA9BAC2}"
EndProject
Global
	GlobalSection(SolutionConfigurationPlatforms) = preSolution
		Debug|Any CPU = Debug|Any CPU
		Release|Any CPU = Release|Any CPU
	EndGlobalSection
	GlobalSection(ProjectConfigurationPlatforms) = postSolution
		{B6D99972-E941-4E9C-867F-42A62CA9BAC2}.Debug|Any CPU.ActiveCfg = Debug|Any CPU
		{B6D99972-E941-4E9C-867F-42A62CA9BAC2}.Debug|Any CPU.Build.0 = Debug|Any CPU
		{B6D99972-E941-4E9C-867F-42A62CA9BAC2}.Release|Any CPU.ActiveCfg = Release|Any CPU
		{B6D99972-E941-4E9C-867F-42A62CA9BAC2}.Release|Any CPU.Build.0 = Release|Any CPU
	EndGlobalSection
	GlobalSection(SolutionProperties) = preSolution
		HideSolutionNode = FALSE
	EndGlobalSection
	GlobalSection(ExtensibilityGlobals) = postSolution
		SolutionGuid = {C3BC97FF-154B-4ED2-883E-ABB2084C425F}
	EndGlobalSection
EndGlobal
