
Microsoft Visual Studio Solution File, Format Version 12.00
# Visual Studio Version 16
VisualStudioVersion = 16.0.29306.81
MinimumVisualStudioVersion = 10.0.40219.1
Project("{FAE04EC0-301F-11D3-BF4B-00C04F79EFBC}") = "Topic_18(Serialization XmlSerializer)", "Topic_18(Serialization XmlSerializer)\Topic_18(Serialization XmlSerializer).csproj", "{CE75B0E3-0293-4C2F-82BA-35268F2624E8}"
EndProject
Global
	GlobalSection(SolutionConfigurationPlatforms) = preSolution
		Debug|Any CPU = Debug|Any CPU
		Release|Any CPU = Release|Any CPU
	EndGlobalSection
	GlobalSection(ProjectConfigurationPlatforms) = postSolution
		{CE75B0E3-0293-4C2F-82BA-35268F2624E8}.Debug|Any CPU.ActiveCfg = Debug|Any CPU
		{CE75B0E3-0293-4C2F-82BA-35268F2624E8}.Debug|Any CPU.Build.0 = Debug|Any CPU
		{CE75B0E3-0293-4C2F-82BA-35268F2624E8}.Release|Any CPU.ActiveCfg = Release|Any CPU
		{CE75B0E3-0293-4C2F-82BA-35268F2624E8}.Release|Any CPU.Build.0 = Release|Any CPU
	EndGlobalSection
	GlobalSection(SolutionProperties) = preSolution
		HideSolutionNode = FALSE
	EndGlobalSection
	GlobalSection(ExtensibilityGlobals) = postSolution
		SolutionGuid = {5F37DB94-9EEF-4096-916C-7E8D67AC6C2C}
	EndGlobalSection
EndGlobal
