
Microsoft Visual Studio Solution File, Format Version 12.00
# Visual Studio 15
VisualStudioVersion = 15.0.28307.902
MinimumVisualStudioVersion = 10.0.40219.1
Project("{FAE04EC0-301F-11D3-BF4B-00C04F79EFBC}") = "Test", "Test\Test.csproj", "{DD47D9B5-C986-477B-989C-74628346B45F}"
EndProject
Global
	GlobalSection(SolutionConfigurationPlatforms) = preSolution
		Debug|Any CPU = Debug|Any CPU
		Release|Any CPU = Release|Any CPU
	EndGlobalSection
	GlobalSection(ProjectConfigurationPlatforms) = postSolution
		{DD47D9B5-C986-477B-989C-74628346B45F}.Debug|Any CPU.ActiveCfg = Debug|Any CPU
		{DD47D9B5-C986-477B-989C-74628346B45F}.Debug|Any CPU.Build.0 = Debug|Any CPU
		{DD47D9B5-C986-477B-989C-74628346B45F}.Release|Any CPU.ActiveCfg = Release|Any CPU
		{DD47D9B5-C986-477B-989C-74628346B45F}.Release|Any CPU.Build.0 = Release|Any CPU
	EndGlobalSection
	GlobalSection(SolutionProperties) = preSolution
		HideSolutionNode = FALSE
	EndGlobalSection
	GlobalSection(ExtensibilityGlobals) = postSolution
		SolutionGuid = {A224779E-EA22-4114-9DFD-7C0DF91F9756}
	EndGlobalSection
EndGlobal
