
Microsoft Visual Studio Solution File, Format Version 12.00
# Visual Studio 15
VisualStudioVersion = 15.0.28307.902
MinimumVisualStudioVersion = 10.0.40219.1
Project("{FAE04EC0-301F-11D3-BF4B-00C04F79EFBC}") = "Boxing", "Boxing\Boxing.csproj", "{E7FEB9F2-4C83-4D84-99FC-1574CC0FE6D9}"
EndProject
Global
	GlobalSection(SolutionConfigurationPlatforms) = preSolution
		Debug|Any CPU = Debug|Any CPU
		Release|Any CPU = Release|Any CPU
	EndGlobalSection
	GlobalSection(ProjectConfigurationPlatforms) = postSolution
		{E7FEB9F2-4C83-4D84-99FC-1574CC0FE6D9}.Debug|Any CPU.ActiveCfg = Debug|Any CPU
		{E7FEB9F2-4C83-4D84-99FC-1574CC0FE6D9}.Debug|Any CPU.Build.0 = Debug|Any CPU
		{E7FEB9F2-4C83-4D84-99FC-1574CC0FE6D9}.Release|Any CPU.ActiveCfg = Release|Any CPU
		{E7FEB9F2-4C83-4D84-99FC-1574CC0FE6D9}.Release|Any CPU.Build.0 = Release|Any CPU
	EndGlobalSection
	GlobalSection(SolutionProperties) = preSolution
		HideSolutionNode = FALSE
	EndGlobalSection
	GlobalSection(ExtensibilityGlobals) = postSolution
		SolutionGuid = {4D2F4837-31C5-4E6A-91B9-17348A8DB2CE}
	EndGlobalSection
EndGlobal
