
Microsoft Visual Studio Solution File, Format Version 12.00
# Visual Studio Version 16
VisualStudioVersion = 16.0.29509.3
MinimumVisualStudioVersion = 10.0.40219.1
Project("{FAE04EC0-301F-11D3-BF4B-00C04F79EFBC}") = "Регулярные выражения", "Регулярные выражения.csproj", "{60D56194-CD0C-44DA-8E75-0344BC393C33}"
EndProject
Global
	GlobalSection(SolutionConfigurationPlatforms) = preSolution
		Debug|Any CPU = Debug|Any CPU
		Release|Any CPU = Release|Any CPU
	EndGlobalSection
	GlobalSection(ProjectConfigurationPlatforms) = postSolution
		{60D56194-CD0C-44DA-8E75-0344BC393C33}.Debug|Any CPU.ActiveCfg = Debug|Any CPU
		{60D56194-CD0C-44DA-8E75-0344BC393C33}.Debug|Any CPU.Build.0 = Debug|Any CPU
		{60D56194-CD0C-44DA-8E75-0344BC393C33}.Release|Any CPU.ActiveCfg = Release|Any CPU
		{60D56194-CD0C-44DA-8E75-0344BC393C33}.Release|Any CPU.Build.0 = Release|Any CPU
	EndGlobalSection
	GlobalSection(SolutionProperties) = preSolution
		HideSolutionNode = FALSE
	EndGlobalSection
	GlobalSection(ExtensibilityGlobals) = postSolution
		SolutionGuid = {3D8BF92B-0051-4CE1-B35F-3FBCC4880D39}
	EndGlobalSection
EndGlobal
