
Microsoft Visual Studio Solution File, Format Version 12.00
# Visual Studio Version 16
VisualStudioVersion = 16.0.29306.81
MinimumVisualStudioVersion = 10.0.40219.1
Project("{FAE04EC0-301F-11D3-BF4B-00C04F79EFBC}") = "Topic_12(Dictionary)", "Topic_12(Dictionary)\Topic_12(Dictionary).csproj", "{A31B8484-3BEF-4CDD-86FF-E84AAE8AB558}"
EndProject
Global
	GlobalSection(SolutionConfigurationPlatforms) = preSolution
		Debug|Any CPU = Debug|Any CPU
		Release|Any CPU = Release|Any CPU
	EndGlobalSection
	GlobalSection(ProjectConfigurationPlatforms) = postSolution
		{A31B8484-3BEF-4CDD-86FF-E84AAE8AB558}.Debug|Any CPU.ActiveCfg = Debug|Any CPU
		{A31B8484-3BEF-4CDD-86FF-E84AAE8AB558}.Debug|Any CPU.Build.0 = Debug|Any CPU
		{A31B8484-3BEF-4CDD-86FF-E84AAE8AB558}.Release|Any CPU.ActiveCfg = Release|Any CPU
		{A31B8484-3BEF-4CDD-86FF-E84AAE8AB558}.Release|Any CPU.Build.0 = Release|Any CPU
	EndGlobalSection
	GlobalSection(SolutionProperties) = preSolution
		HideSolutionNode = FALSE
	EndGlobalSection
	GlobalSection(ExtensibilityGlobals) = postSolution
		SolutionGuid = {F026FCF7-67F3-4DC6-8224-4529B1E17186}
	EndGlobalSection
EndGlobal
