
Microsoft Visual Studio Solution File, Format Version 12.00
# Visual Studio Version 16
VisualStudioVersion = 16.0.29306.81
MinimumVisualStudioVersion = 10.0.40219.1
Project("{FAE04EC0-301F-11D3-BF4B-00C04F79EFBC}") = "Topic_2(ICloneable DeepCopy)", "Topic_2(ICloneable DeepCopy)\Topic_2(ICloneable DeepCopy).csproj", "{E635FCC8-1847-4844-B912-D70D2887431A}"
EndProject
Global
	GlobalSection(SolutionConfigurationPlatforms) = preSolution
		Debug|Any CPU = Debug|Any CPU
		Release|Any CPU = Release|Any CPU
	EndGlobalSection
	GlobalSection(ProjectConfigurationPlatforms) = postSolution
		{E635FCC8-1847-4844-B912-D70D2887431A}.Debug|Any CPU.ActiveCfg = Debug|Any CPU
		{E635FCC8-1847-4844-B912-D70D2887431A}.Debug|Any CPU.Build.0 = Debug|Any CPU
		{E635FCC8-1847-4844-B912-D70D2887431A}.Release|Any CPU.ActiveCfg = Release|Any CPU
		{E635FCC8-1847-4844-B912-D70D2887431A}.Release|Any CPU.Build.0 = Release|Any CPU
	EndGlobalSection
	GlobalSection(SolutionProperties) = preSolution
		HideSolutionNode = FALSE
	EndGlobalSection
	GlobalSection(ExtensibilityGlobals) = postSolution
		SolutionGuid = {5E7D4300-DABE-4C1B-A130-8646100AAC3E}
	EndGlobalSection
EndGlobal
