
Microsoft Visual Studio Solution File, Format Version 12.00
# Visual Studio Version 16
VisualStudioVersion = 16.0.29306.81
MinimumVisualStudioVersion = 10.0.40219.1
Project("{FAE04EC0-301F-11D3-BF4B-00C04F79EFBC}") = "Topic_20(ThreadingLock)", "Topic_20(ThreadingLock)\Topic_20(ThreadingLock).csproj", "{35C2204D-BDBD-4B09-87F4-17981D86EF36}"
EndProject
Global
	GlobalSection(SolutionConfigurationPlatforms) = preSolution
		Debug|Any CPU = Debug|Any CPU
		Release|Any CPU = Release|Any CPU
	EndGlobalSection
	GlobalSection(ProjectConfigurationPlatforms) = postSolution
		{35C2204D-BDBD-4B09-87F4-17981D86EF36}.Debug|Any CPU.ActiveCfg = Debug|Any CPU
		{35C2204D-BDBD-4B09-87F4-17981D86EF36}.Debug|Any CPU.Build.0 = Debug|Any CPU
		{35C2204D-BDBD-4B09-87F4-17981D86EF36}.Release|Any CPU.ActiveCfg = Release|Any CPU
		{35C2204D-BDBD-4B09-87F4-17981D86EF36}.Release|Any CPU.Build.0 = Release|Any CPU
	EndGlobalSection
	GlobalSection(SolutionProperties) = preSolution
		HideSolutionNode = FALSE
	EndGlobalSection
	GlobalSection(ExtensibilityGlobals) = postSolution
		SolutionGuid = {05FCE0CD-4048-47E0-81D4-47E243CDE560}
	EndGlobalSection
EndGlobal
