
Microsoft Visual Studio Solution File, Format Version 12.00
# Visual Studio Version 16
VisualStudioVersion = 16.0.29509.3
MinimumVisualStudioVersion = 10.0.40219.1
Project("{FAE04EC0-301F-11D3-BF4B-00C04F79EFBC}") = "Рефлексия", "Рефлексия.csproj", "{F11B6396-B97C-4BAF-9E4F-F142237D50F8}"
EndProject
Global
	GlobalSection(SolutionConfigurationPlatforms) = preSolution
		Debug|Any CPU = Debug|Any CPU
		Release|Any CPU = Release|Any CPU
	EndGlobalSection
	GlobalSection(ProjectConfigurationPlatforms) = postSolution
		{F11B6396-B97C-4BAF-9E4F-F142237D50F8}.Debug|Any CPU.ActiveCfg = Debug|Any CPU
		{F11B6396-B97C-4BAF-9E4F-F142237D50F8}.Debug|Any CPU.Build.0 = Debug|Any CPU
		{F11B6396-B97C-4BAF-9E4F-F142237D50F8}.Release|Any CPU.ActiveCfg = Release|Any CPU
		{F11B6396-B97C-4BAF-9E4F-F142237D50F8}.Release|Any CPU.Build.0 = Release|Any CPU
	EndGlobalSection
	GlobalSection(SolutionProperties) = preSolution
		HideSolutionNode = FALSE
	EndGlobalSection
	GlobalSection(ExtensibilityGlobals) = postSolution
		SolutionGuid = {2F27A470-B269-4773-BDE7-BEEE737E1F4C}
	EndGlobalSection
EndGlobal
